
Microsoft Visual Studio Solution File, Format Version 12.00
# Visual Studio Version 17
VisualStudioVersion = 17.10.34928.147
MinimumVisualStudioVersion = 10.0.40219.1
Project("{FAE04EC0-301F-11D3-BF4B-00C04F79EFBC}") = "MainScriptKey_PreCheck", "MainScriptKey_PreCheck\MainScriptKey_PreCheck.csproj", "{0912EB33-188F-4987-B309-2BA475FC5D59}"
EndProject
Global
	GlobalSection(SolutionConfigurationPlatforms) = preSolution
		Debug|Any CPU = Debug|Any CPU
		Release|Any CPU = Release|Any CPU
	EndGlobalSection
	GlobalSection(ProjectConfigurationPlatforms) = postSolution
		{0912EB33-188F-4987-B309-2BA475FC5D59}.Debug|Any CPU.ActiveCfg = Debug|Any CPU
		{0912EB33-188F-4987-B309-2BA475FC5D59}.Debug|Any CPU.Build.0 = Debug|Any CPU
		{0912EB33-188F-4987-B309-2BA475FC5D59}.Release|Any CPU.ActiveCfg = Release|Any CPU
		{0912EB33-188F-4987-B309-2BA475FC5D59}.Release|Any CPU.Build.0 = Release|Any CPU
	EndGlobalSection
	GlobalSection(SolutionProperties) = preSolution
		HideSolutionNode = FALSE
	EndGlobalSection
	GlobalSection(ExtensibilityGlobals) = postSolution
		SolutionGuid = {F324A98A-B331-4ABF-A95B-1C49D8BDD759}
	EndGlobalSection
EndGlobal
